
Microsoft Visual Studio Solution File, Format Version 12.00
# Visual Studio Version 17
VisualStudioVersion = 17.5.33627.172
MinimumVisualStudioVersion = 10.0.40219.1
Project("{FAE04EC0-301F-11D3-BF4B-00C04F79EFBC}") = "WpfApp2", "WpfApp2\WpfApp2.csproj", "{B7DBEA72-2AF1-44DB-8081-F1E61E90D08E}"
EndProject
Global
	GlobalSection(SolutionConfigurationPlatforms) = preSolution
		Debug|Any CPU = Debug|Any CPU
		Release|Any CPU = Release|Any CPU
	EndGlobalSection
	GlobalSection(ProjectConfigurationPlatforms) = postSolution
		{B7DBEA72-2AF1-44DB-8081-F1E61E90D08E}.Debug|Any CPU.ActiveCfg = Debug|Any CPU
		{B7DBEA72-2AF1-44DB-8081-F1E61E90D08E}.Debug|Any CPU.Build.0 = Debug|Any CPU
		{B7DBEA72-2AF1-44DB-8081-F1E61E90D08E}.Release|Any CPU.ActiveCfg = Release|Any CPU
		{B7DBEA72-2AF1-44DB-8081-F1E61E90D08E}.Release|Any CPU.Build.0 = Release|Any CPU
	EndGlobalSection
	GlobalSection(SolutionProperties) = preSolution
		HideSolutionNode = FALSE
	EndGlobalSection
	GlobalSection(ExtensibilityGlobals) = postSolution
		SolutionGuid = {249D9E76-95AE-455D-9953-AC2381B57D4F}
	EndGlobalSection
EndGlobal
